
Microsoft Visual Studio Solution File, Format Version 12.00
# Visual Studio 14
VisualStudioVersion = 14.0.25420.1
MinimumVisualStudioVersion = 10.0.40219.1
Project("{2150E333-8FDC-42A3-9474-1A3956D46DE8}") = "January", "January", "{4DF0DB6D-D1C6-4CC7-A564-7FE46DC62960}"
EndProject
Project("{FAE04EC0-301F-11D3-BF4B-00C04F79EFBC}") = "01.Intro", "01.Intro\01.Intro.csproj", "{7B956596-944A-465B-BD07-3DE8DD2F52B8}"
EndProject
Project("{FAE04EC0-301F-11D3-BF4B-00C04F79EFBC}") = "02.PrimitiveDataTypes", "02.PrimitiveDataTypes\02.PrimitiveDataTypes.csproj", "{9082FDE9-F171-49B9-82EF-A9FECFCC86DA}"
EndProject
Project("{FAE04EC0-301F-11D3-BF4B-00C04F79EFBC}") = "03.Operators", "03.Operators\03.Operators.csproj", "{29C160F4-4017-4F27-BC26-BE16696CE471}"
EndProject
Project("{FAE04EC0-301F-11D3-BF4B-00C04F79EFBC}") = "04.IOConsole", "04.IOConsole\04.IOConsole.csproj", "{08E18C15-9F3B-4F71-BF87-D7324E0A6A5A}"
EndProject
Project("{FAE04EC0-301F-11D3-BF4B-00C04F79EFBC}") = "05.GitHub", "05.GitHub\05.GitHub.csproj", "{116923F7-9603-44E1-9951-7B3A2A184E96}"
EndProject
Project("{FAE04EC0-301F-11D3-BF4B-00C04F79EFBC}") = "06.ContinionalStatements", "06.ContinionalStatements\06.ContinionalStatements.csproj", "{F1DF6E07-B969-473C-BAE5-25C910942386}"
EndProject
Project("{2150E333-8FDC-42A3-9474-1A3956D46DE8}") = "February", "February", "{25687A04-A92D-4C5B-9929-96AC8A87577B}"
EndProject
Project("{FAE04EC0-301F-11D3-BF4B-00C04F79EFBC}") = "07.Loops", "07.Loops\07.Loops.csproj", "{E39638BC-6DFB-42CF-B1D8-0CBCD5D1DAF4}"
EndProject
Project("{FAE04EC0-301F-11D3-BF4B-00C04F79EFBC}") = "08.Arrays", "Arrays\08.Arrays.csproj", "{C6134720-6E85-4C51-B50C-78DDC86211F1}"
EndProject
Project("{FAE04EC0-301F-11D3-BF4B-00C04F79EFBC}") = "09.ArrayProblem", "ArrayExcersices\09.ArrayProblem.csproj", "{275D2194-B070-45B1-BD85-09FB1E902A54}"
EndProject
Project("{FAE04EC0-301F-11D3-BF4B-00C04F79EFBC}") = "10.ArrayCheck", "10.ArrayCheck\10.ArrayCheck.csproj", "{EDB050F1-0D6B-4FF6-96DB-392D574184D3}"
EndProject
Project("{FAE04EC0-301F-11D3-BF4B-00C04F79EFBC}") = "11.ArrayLongSequence", "11.ArrayLongSequence\11.ArrayLongSequence.csproj", "{9330B7DB-3675-4FFA-B5B1-DD978DA3DBAF}"
EndProject
Project("{FAE04EC0-301F-11D3-BF4B-00C04F79EFBC}") = "12.Lists", "12.Lists\12.Lists.csproj", "{012EDD7C-E08F-4138-9FA4-5DFC0A7671B9}"
EndProject
Project("{FAE04EC0-301F-11D3-BF4B-00C04F79EFBC}") = "13.LINQ", "13.LINQ\13.LINQ.csproj", "{0DF7A4D0-4A9D-4A2B-A798-1366BF327B96}"
EndProject
Global
	GlobalSection(SolutionConfigurationPlatforms) = preSolution
		Debug|Any CPU = Debug|Any CPU
		Release|Any CPU = Release|Any CPU
	EndGlobalSection
	GlobalSection(ProjectConfigurationPlatforms) = postSolution
		{7B956596-944A-465B-BD07-3DE8DD2F52B8}.Debug|Any CPU.ActiveCfg = Debug|Any CPU
		{7B956596-944A-465B-BD07-3DE8DD2F52B8}.Debug|Any CPU.Build.0 = Debug|Any CPU
		{7B956596-944A-465B-BD07-3DE8DD2F52B8}.Release|Any CPU.ActiveCfg = Release|Any CPU
		{7B956596-944A-465B-BD07-3DE8DD2F52B8}.Release|Any CPU.Build.0 = Release|Any CPU
		{9082FDE9-F171-49B9-82EF-A9FECFCC86DA}.Debug|Any CPU.ActiveCfg = Debug|Any CPU
		{9082FDE9-F171-49B9-82EF-A9FECFCC86DA}.Debug|Any CPU.Build.0 = Debug|Any CPU
		{9082FDE9-F171-49B9-82EF-A9FECFCC86DA}.Release|Any CPU.ActiveCfg = Release|Any CPU
		{9082FDE9-F171-49B9-82EF-A9FECFCC86DA}.Release|Any CPU.Build.0 = Release|Any CPU
		{29C160F4-4017-4F27-BC26-BE16696CE471}.Debug|Any CPU.ActiveCfg = Debug|Any CPU
		{29C160F4-4017-4F27-BC26-BE16696CE471}.Debug|Any CPU.Build.0 = Debug|Any CPU
		{29C160F4-4017-4F27-BC26-BE16696CE471}.Release|Any CPU.ActiveCfg = Release|Any CPU
		{29C160F4-4017-4F27-BC26-BE16696CE471}.Release|Any CPU.Build.0 = Release|Any CPU
		{08E18C15-9F3B-4F71-BF87-D7324E0A6A5A}.Debug|Any CPU.ActiveCfg = Debug|Any CPU
		{08E18C15-9F3B-4F71-BF87-D7324E0A6A5A}.Debug|Any CPU.Build.0 = Debug|Any CPU
		{08E18C15-9F3B-4F71-BF87-D7324E0A6A5A}.Release|Any CPU.ActiveCfg = Release|Any CPU
		{08E18C15-9F3B-4F71-BF87-D7324E0A6A5A}.Release|Any CPU.Build.0 = Release|Any CPU
		{116923F7-9603-44E1-9951-7B3A2A184E96}.Debug|Any CPU.ActiveCfg = Debug|Any CPU
		{116923F7-9603-44E1-9951-7B3A2A184E96}.Debug|Any CPU.Build.0 = Debug|Any CPU
		{116923F7-9603-44E1-9951-7B3A2A184E96}.Release|Any CPU.ActiveCfg = Release|Any CPU
		{116923F7-9603-44E1-9951-7B3A2A184E96}.Release|Any CPU.Build.0 = Release|Any CPU
		{F1DF6E07-B969-473C-BAE5-25C910942386}.Debug|Any CPU.ActiveCfg = Debug|Any CPU
		{F1DF6E07-B969-473C-BAE5-25C910942386}.Debug|Any CPU.Build.0 = Debug|Any CPU
		{F1DF6E07-B969-473C-BAE5-25C910942386}.Release|Any CPU.ActiveCfg = Release|Any CPU
		{F1DF6E07-B969-473C-BAE5-25C910942386}.Release|Any CPU.Build.0 = Release|Any CPU
		{E39638BC-6DFB-42CF-B1D8-0CBCD5D1DAF4}.Debug|Any CPU.ActiveCfg = Debug|Any CPU
		{E39638BC-6DFB-42CF-B1D8-0CBCD5D1DAF4}.Debug|Any CPU.Build.0 = Debug|Any CPU
		{E39638BC-6DFB-42CF-B1D8-0CBCD5D1DAF4}.Release|Any CPU.ActiveCfg = Release|Any CPU
		{E39638BC-6DFB-42CF-B1D8-0CBCD5D1DAF4}.Release|Any CPU.Build.0 = Release|Any CPU
		{C6134720-6E85-4C51-B50C-78DDC86211F1}.Debug|Any CPU.ActiveCfg = Debug|Any CPU
		{C6134720-6E85-4C51-B50C-78DDC86211F1}.Debug|Any CPU.Build.0 = Debug|Any CPU
		{C6134720-6E85-4C51-B50C-78DDC86211F1}.Release|Any CPU.ActiveCfg = Release|Any CPU
		{C6134720-6E85-4C51-B50C-78DDC86211F1}.Release|Any CPU.Build.0 = Release|Any CPU
		{275D2194-B070-45B1-BD85-09FB1E902A54}.Debug|Any CPU.ActiveCfg = Debug|Any CPU
		{275D2194-B070-45B1-BD85-09FB1E902A54}.Debug|Any CPU.Build.0 = Debug|Any CPU
		{275D2194-B070-45B1-BD85-09FB1E902A54}.Release|Any CPU.ActiveCfg = Release|Any CPU
		{275D2194-B070-45B1-BD85-09FB1E902A54}.Release|Any CPU.Build.0 = Release|Any CPU
		{EDB050F1-0D6B-4FF6-96DB-392D574184D3}.Debug|Any CPU.ActiveCfg = Debug|Any CPU
		{EDB050F1-0D6B-4FF6-96DB-392D574184D3}.Debug|Any CPU.Build.0 = Debug|Any CPU
		{EDB050F1-0D6B-4FF6-96DB-392D574184D3}.Release|Any CPU.ActiveCfg = Release|Any CPU
		{EDB050F1-0D6B-4FF6-96DB-392D574184D3}.Release|Any CPU.Build.0 = Release|Any CPU
		{9330B7DB-3675-4FFA-B5B1-DD978DA3DBAF}.Debug|Any CPU.ActiveCfg = Debug|Any CPU
		{9330B7DB-3675-4FFA-B5B1-DD978DA3DBAF}.Debug|Any CPU.Build.0 = Debug|Any CPU
		{9330B7DB-3675-4FFA-B5B1-DD978DA3DBAF}.Release|Any CPU.ActiveCfg = Release|Any CPU
		{9330B7DB-3675-4FFA-B5B1-DD978DA3DBAF}.Release|Any CPU.Build.0 = Release|Any CPU
		{012EDD7C-E08F-4138-9FA4-5DFC0A7671B9}.Debug|Any CPU.ActiveCfg = Debug|Any CPU
		{012EDD7C-E08F-4138-9FA4-5DFC0A7671B9}.Debug|Any CPU.Build.0 = Debug|Any CPU
		{012EDD7C-E08F-4138-9FA4-5DFC0A7671B9}.Release|Any CPU.ActiveCfg = Release|Any CPU
		{012EDD7C-E08F-4138-9FA4-5DFC0A7671B9}.Release|Any CPU.Build.0 = Release|Any CPU
		{0DF7A4D0-4A9D-4A2B-A798-1366BF327B96}.Debug|Any CPU.ActiveCfg = Debug|Any CPU
		{0DF7A4D0-4A9D-4A2B-A798-1366BF327B96}.Debug|Any CPU.Build.0 = Debug|Any CPU
		{0DF7A4D0-4A9D-4A2B-A798-1366BF327B96}.Release|Any CPU.ActiveCfg = Release|Any CPU
		{0DF7A4D0-4A9D-4A2B-A798-1366BF327B96}.Release|Any CPU.Build.0 = Release|Any CPU
	EndGlobalSection
	GlobalSection(SolutionProperties) = preSolution
		HideSolutionNode = FALSE
	EndGlobalSection
	GlobalSection(NestedProjects) = preSolution
		{7B956596-944A-465B-BD07-3DE8DD2F52B8} = {4DF0DB6D-D1C6-4CC7-A564-7FE46DC62960}
		{9082FDE9-F171-49B9-82EF-A9FECFCC86DA} = {4DF0DB6D-D1C6-4CC7-A564-7FE46DC62960}
		{29C160F4-4017-4F27-BC26-BE16696CE471} = {4DF0DB6D-D1C6-4CC7-A564-7FE46DC62960}
		{08E18C15-9F3B-4F71-BF87-D7324E0A6A5A} = {4DF0DB6D-D1C6-4CC7-A564-7FE46DC62960}
		{116923F7-9603-44E1-9951-7B3A2A184E96} = {4DF0DB6D-D1C6-4CC7-A564-7FE46DC62960}
		{F1DF6E07-B969-473C-BAE5-25C910942386} = {4DF0DB6D-D1C6-4CC7-A564-7FE46DC62960}
		{E39638BC-6DFB-42CF-B1D8-0CBCD5D1DAF4} = {25687A04-A92D-4C5B-9929-96AC8A87577B}
		{C6134720-6E85-4C51-B50C-78DDC86211F1} = {25687A04-A92D-4C5B-9929-96AC8A87577B}
		{275D2194-B070-45B1-BD85-09FB1E902A54} = {25687A04-A92D-4C5B-9929-96AC8A87577B}
		{EDB050F1-0D6B-4FF6-96DB-392D574184D3} = {25687A04-A92D-4C5B-9929-96AC8A87577B}
		{9330B7DB-3675-4FFA-B5B1-DD978DA3DBAF} = {25687A04-A92D-4C5B-9929-96AC8A87577B}
		{012EDD7C-E08F-4138-9FA4-5DFC0A7671B9} = {25687A04-A92D-4C5B-9929-96AC8A87577B}
		{0DF7A4D0-4A9D-4A2B-A798-1366BF327B96} = {25687A04-A92D-4C5B-9929-96AC8A87577B}
	EndGlobalSection
EndGlobal
